{
  "name": "hibiscus-server",
  "version": "1.0.1",
  "lockfileVersion": 2,
  "requires": true,
  "packages": {
    "": {
      "name": "hibiscus-server",
      "version": "1.0.1",
      "license": "MIT",
      "dependencies": {
        "@xmldom/xmldom": "^0.8.13",
        "xpath": "^0.0.35"
      }
    },
    "node_modules/@xmldom/xmldom": {
      "version": "0.8.13",
      "resolved": "https://registry.npmjs.org/@xmldom/xmldom/-/xmldom-0.8.13.tgz",
      "integrity": "sha512-KRYzxepc14G/CEpEGc3Yn+JKaAeT63smlDr+vjB8jRfgTBBI9wRj/nkQEO+ucV8p8I9bfKLWp37uHgFrbntPvw==",
      "engines": {
        "node": ">=10.0.0"
      }
    },
    "node_modules/xpath": {
      "version": "0.0.35",
      "resolved": "https://registry.npmjs.org/xpath/-/xpath-0.0.35.tgz",
      "integrity": "sha512-8O+m2N04SwLpGw/1Grz2HD8ejnWDV7M1dMPgKKuOjhYh5W9H4pel/+06kInohIdpS2FeSbL4i8ID8c4tpxwq9Q==",
      "engines": {
        "node": ">=0.6.0"
      }
    }
  },
  "dependencies": {
    "@xmldom/xmldom": {
      "version": "0.8.13",
      "resolved": "https://registry.npmjs.org/@xmldom/xmldom/-/xmldom-0.8.13.tgz",
      "integrity": "sha512-KRYzxepc14G/CEpEGc3Yn+JKaAeT63smlDr+vjB8jRfgTBBI9wRj/nkQEO+ucV8p8I9bfKLWp37uHgFrbntPvw=="
    },
    "xpath": {
      "version": "0.0.35",
      "resolved": "https://registry.npmjs.org/xpath/-/xpath-0.0.35.tgz",
      "integrity": "sha512-8O+m2N04SwLpGw/1Grz2HD8ejnWDV7M1dMPgKKuOjhYh5W9H4pel/+06kInohIdpS2FeSbL4i8ID8c4tpxwq9Q=="
    }
  }
}
