{
  "name": "hibiscus-server",
  "version": "1.0.0",
  "lockfileVersion": 2,
  "requires": true,
  "packages": {
    "": {
      "name": "hibiscus-server",
      "version": "1.0.0",
      "license": "MIT",
      "dependencies": {
        "@xmldom/xmldom": "^0.9.0",
        "xpath": "^0.0.34"
      }
    },
    "node_modules/@xmldom/xmldom": {
      "version": "0.9.10",
      "resolved": "https://registry.npmjs.org/@xmldom/xmldom/-/xmldom-0.9.10.tgz",
      "integrity": "sha512-A9gOqLdi6cV4ibazAjcQufGj0B1y/vDqYrcuP6d/6x8P27gRS8643Dj9o1dEKtB6O7fwxb2FgBmJS2mX7gpvdw==",
      "engines": {
        "node": ">=14.6"
      }
    },
    "node_modules/xpath": {
      "version": "0.0.34",
      "resolved": "https://registry.npmjs.org/xpath/-/xpath-0.0.34.tgz",
      "integrity": "sha512-FxF6+rkr1rNSQrhUNYrAFJpRXNzlDoMxeXN5qI84939ylEv3qqPFKa85Oxr6tDaJKqwW6KKyo2v26TSv3k6LeA==",
      "engines": {
        "node": ">=0.6.0"
      }
    }
  },
  "dependencies": {
    "@xmldom/xmldom": {
      "version": "0.9.10",
      "resolved": "https://registry.npmjs.org/@xmldom/xmldom/-/xmldom-0.9.10.tgz",
      "integrity": "sha512-A9gOqLdi6cV4ibazAjcQufGj0B1y/vDqYrcuP6d/6x8P27gRS8643Dj9o1dEKtB6O7fwxb2FgBmJS2mX7gpvdw=="
    },
    "xpath": {
      "version": "0.0.34",
      "resolved": "https://registry.npmjs.org/xpath/-/xpath-0.0.34.tgz",
      "integrity": "sha512-FxF6+rkr1rNSQrhUNYrAFJpRXNzlDoMxeXN5qI84939ylEv3qqPFKa85Oxr6tDaJKqwW6KKyo2v26TSv3k6LeA=="
    }
  }
}
