{
  "name": "hibiscus-server-docker",
  "version": "1.0.0",
  "lockfileVersion": 2,
  "requires": true,
  "packages": {
    "": {
      "name": "hibiscus-server-docker",
      "version": "1.0.0",
      "license": "MIT",
      "dependencies": {
        "@xmldom/xmldom": "^0.7.5",
        "xpath": "^0.0.34"
      }
    },
    "node_modules/@xmldom/xmldom": {
      "version": "0.7.13",
      "resolved": "https://registry.npmjs.org/@xmldom/xmldom/-/xmldom-0.7.13.tgz",
      "integrity": "sha512-lm2GW5PkosIzccsaZIz7tp8cPADSIlIHWDFTR1N0SzfinhhYgeIQjFMz4rYzanCScr3DqQLeomUDArp6MWKm+g==",
      "engines": {
        "node": ">=10.0.0"
      }
    },
    "node_modules/xpath": {
      "version": "0.0.34",
      "resolved": "https://registry.npmjs.org/xpath/-/xpath-0.0.34.tgz",
      "integrity": "sha512-FxF6+rkr1rNSQrhUNYrAFJpRXNzlDoMxeXN5qI84939ylEv3qqPFKa85Oxr6tDaJKqwW6KKyo2v26TSv3k6LeA==",
      "engines": {
        "node": ">=0.6.0"
      }
    }
  },
  "dependencies": {
    "@xmldom/xmldom": {
      "version": "0.7.13",
      "resolved": "https://registry.npmjs.org/@xmldom/xmldom/-/xmldom-0.7.13.tgz",
      "integrity": "sha512-lm2GW5PkosIzccsaZIz7tp8cPADSIlIHWDFTR1N0SzfinhhYgeIQjFMz4rYzanCScr3DqQLeomUDArp6MWKm+g=="
    },
    "xpath": {
      "version": "0.0.34",
      "resolved": "https://registry.npmjs.org/xpath/-/xpath-0.0.34.tgz",
      "integrity": "sha512-FxF6+rkr1rNSQrhUNYrAFJpRXNzlDoMxeXN5qI84939ylEv3qqPFKa85Oxr6tDaJKqwW6KKyo2v26TSv3k6LeA=="
    }
  }
}
